
Microsoft Visual Studio Solution File, Format Version 12.00
# Visual Studio Version 17
VisualStudioVersion = 17.12.35514.174 d17.12
MinimumVisualStudioVersion = 10.0.40219.1
Project("{FAE04EC0-301F-11D3-BF4B-00C04F79EFBC}") = "SistemaEntrega.Backend", "SistemaEntrega.Backend\SistemaEntrega.Backend.csproj", "{5A740797-F8B4-4485-9C69-414059305486}"
EndProject
Project("{FAE04EC0-301F-11D3-BF4B-00C04F79EFBC}") = "SistemaEntrega.Shared", "SistemaEntrega.Shared\SistemaEntrega.Shared.csproj", "{8D76A0B8-B6CB-4DC4-8307-04365B7DC0F4}"
EndProject
Global
	GlobalSection(SolutionConfigurationPlatforms) = preSolution
		Debug|Any CPU = Debug|Any CPU
		Release|Any CPU = Release|Any CPU
	EndGlobalSection
	GlobalSection(ProjectConfigurationPlatforms) = postSolution
		{5A740797-F8B4-4485-9C69-414059305486}.Debug|Any CPU.ActiveCfg = Debug|Any CPU
		{5A740797-F8B4-4485-9C69-414059305486}.Debug|Any CPU.Build.0 = Debug|Any CPU
		{5A740797-F8B4-4485-9C69-414059305486}.Release|Any CPU.ActiveCfg = Release|Any CPU
		{5A740797-F8B4-4485-9C69-414059305486}.Release|Any CPU.Build.0 = Release|Any CPU
		{8D76A0B8-B6CB-4DC4-8307-04365B7DC0F4}.Debug|Any CPU.ActiveCfg = Debug|Any CPU
		{8D76A0B8-B6CB-4DC4-8307-04365B7DC0F4}.Debug|Any CPU.Build.0 = Debug|Any CPU
		{8D76A0B8-B6CB-4DC4-8307-04365B7DC0F4}.Release|Any CPU.ActiveCfg = Release|Any CPU
		{8D76A0B8-B6CB-4DC4-8307-04365B7DC0F4}.Release|Any CPU.Build.0 = Release|Any CPU
	EndGlobalSection
	GlobalSection(SolutionProperties) = preSolution
		HideSolutionNode = FALSE
	EndGlobalSection
EndGlobal
